Microsoft Visual Studio Solution File, Format Version 11.00
# Visual Studio 2008

Project("{57F03FB8-0CB4-B53A-C392-5C7DB51DFB07}") = "Sound Sense", "Assembly-CSharp-firstpass.csproj", "{FDD6C543-2AF5-79EB-5B86-06780E18508C}"
EndProject
Project("{57F03FB8-0CB4-B53A-C392-5C7DB51DFB07}") = "Sound Sense", "Assembly-CSharp.csproj", "{27278735-3108-B2CC-DEF9-0C9F6B3F9F6A}"
EndProject
Project("{57F03FB8-0CB4-B53A-C392-5C7DB51DFB07}") = "Sound Sense", "Assembly-CSharp-Editor-firstpass.csproj", "{29C4479D-8EB6-D82A-E808-58F3E6217695}"
EndProject
Project("{57F03FB8-0CB4-B53A-C392-5C7DB51DFB07}") = "Sound Sense", "Assembly-CSharp-Editor.csproj", "{DE416E0F-3977-E12A-8B24-CB2331707487}"
EndProject
Global
	GlobalSection(SolutionConfigurationPlatforms) = preSolution
		Debug|Any CPU = Debug|Any CPU
		Release|Any CPU = Release|Any CPU
	EndGlobalSection
	GlobalSection(ProjectConfigurationPlatforms) = postSolution
		{FDD6C543-2AF5-79EB-5B86-06780E18508C}.Debug|Any CPU.ActiveCfg = Debug|Any CPU
		{FDD6C543-2AF5-79EB-5B86-06780E18508C}.Debug|Any CPU.Build.0 = Debug|Any CPU
		{FDD6C543-2AF5-79EB-5B86-06780E18508C}.Release|Any CPU.ActiveCfg = Release|Any CPU
		{FDD6C543-2AF5-79EB-5B86-06780E18508C}.Release|Any CPU.Build.0 = Release|Any CPU
		{27278735-3108-B2CC-DEF9-0C9F6B3F9F6A}.Debug|Any CPU.ActiveCfg = Debug|Any CPU
		{27278735-3108-B2CC-DEF9-0C9F6B3F9F6A}.Debug|Any CPU.Build.0 = Debug|Any CPU
		{27278735-3108-B2CC-DEF9-0C9F6B3F9F6A}.Release|Any CPU.ActiveCfg = Release|Any CPU
		{27278735-3108-B2CC-DEF9-0C9F6B3F9F6A}.Release|Any CPU.Build.0 = Release|Any CPU
		{29C4479D-8EB6-D82A-E808-58F3E6217695}.Debug|Any CPU.ActiveCfg = Debug|Any CPU
		{29C4479D-8EB6-D82A-E808-58F3E6217695}.Debug|Any CPU.Build.0 = Debug|Any CPU
		{29C4479D-8EB6-D82A-E808-58F3E6217695}.Release|Any CPU.ActiveCfg = Release|Any CPU
		{29C4479D-8EB6-D82A-E808-58F3E6217695}.Release|Any CPU.Build.0 = Release|Any CPU
		{DE416E0F-3977-E12A-8B24-CB2331707487}.Debug|Any CPU.ActiveCfg = Debug|Any CPU
		{DE416E0F-3977-E12A-8B24-CB2331707487}.Debug|Any CPU.Build.0 = Debug|Any CPU
		{DE416E0F-3977-E12A-8B24-CB2331707487}.Release|Any CPU.ActiveCfg = Release|Any CPU
		{DE416E0F-3977-E12A-8B24-CB2331707487}.Release|Any CPU.Build.0 = Release|Any CPU
	EndGlobalSection
	GlobalSection(SolutionProperties) = preSolution
		HideSolutionNode = FALSE
	EndGlobalSection
	GlobalSection(MonoDevelopProperties) = preSolution
		StartupItem = Assembly-CSharp.csproj
	EndGlobalSection
EndGlobal
